
Microsoft Visual Studio Solution File, Format Version 12.00
# Visual Studio 15
Project("{FAE04EC0-301F-11D3-BF4B-00C04F79EFBC}") = "Assembly-CSharp", "Assembly-CSharp.csproj", "{653592BE-0F72-EA0E-EFA1-A4DF21C8E3B7}"
EndProject
Global
	GlobalSection(SolutionConfigurationPlatforms) = preSolution
		Debug|Any CPU = Debug|Any CPU
		Release|Any CPU = Release|Any CPU
	EndGlobalSection
	GlobalSection(ProjectConfigurationPlatforms) = postSolution
		{653592BE-0F72-EA0E-EFA1-A4DF21C8E3B7}.Debug|Any CPU.ActiveCfg = Debug|Any CPU
		{653592BE-0F72-EA0E-EFA1-A4DF21C8E3B7}.Debug|Any CPU.Build.0 = Debug|Any CPU
		{653592BE-0F72-EA0E-EFA1-A4DF21C8E3B7}.Release|Any CPU.ActiveCfg = Release|Any CPU
		{653592BE-0F72-EA0E-EFA1-A4DF21C8E3B7}.Release|Any CPU.Build.0 = Release|Any CPU
	EndGlobalSection
	GlobalSection(SolutionProperties) = preSolution
		HideSolutionNode = FALSE
	EndGlobalSection
EndGlobal
